<?xml version="1.0" encoding="utf-8"?>
<Project ToolsVersion="4.0" xmlns="http://schemas.microsoft.com/developer/msbuild/2003">
  <ItemGroup>
    <Filter Include="Source Files">
      <UniqueIdentifier>{4FC737F1-C7A5-4376-A066-2A32D752A2FF}</UniqueIdentifier>
      <Extensions>cpp;c;cc;cxx;c++;cppm;ixx;def;odl;idl;hpj;bat;asm;asmx</Extensions>
    </Filter>
    <Filter Include="Header Files">
      <UniqueIdentifier>{93995380-89BD-4b04-88EB-625FBE52EBFB}</UniqueIdentifier>
      <Extensions>h;hh;hpp;hxx;h++;hm;inl;inc;ipp;xsd</Extensions>
    </Filter>
    <Filter Include="Resource Files">
      <UniqueIdentifier>{67DA6AB6-F800-4c08-8B7A-83BB121AAD01}</UniqueIdentifier>
      <Extensions>rc;ico;cur;bmp;dlg;rc2;rct;bin;rgs;gif;jpg;jpeg;jpe;resx;tiff;tif;png;wav;mfcribbon-ms</Extensions>
    </Filter>
  </ItemGroup>
  <ItemGroup>
    <ClCompile Include="NEW_AGE_GROCERY_STORE.cpp">
      <Filter>Source Files</Filter>
    </ClCompile>
    <ClCompile Include="Manager.cpp">
      <Filter>Source Files</Filter>
    </ClCompile>
    <ClCompile Include="Admin.cpp">
      <Filter>Source Files</Filter>
    </ClCompile>
    <ClCompile Include="customer.cpp">
      <Filter>Source Files</Filter>
    </ClCompile>
    <ClCompile Include="feedback.cpp">
      <Filter>Source Files</Filter>
    </ClCompile>
    <ClCompile Include="user.cpp">
      <Filter>Source Files</Filter>
    </ClCompile>
    <ClCompile Include="Inventory.cpp">
      <Filter>Source Files</Filter>
    </ClCompile>
    <ClCompile Include="productCatalog.cpp">
      <Filter>Source Files</Filter>
    </ClCompile>
    <ClCompile Include="Manager1.cpp">
      <Filter>Source Files</Filter>
    </ClCompile>
    <ClCompile Include="Manager2.cpp">
      <Filter>Source Files</Filter>
    </ClCompile>
    <ClCompile Include="Manager3.cpp">
      <Filter>Source Files</Filter>
    </ClCompile>
    <ClCompile Include="PaymnetControllClass.cpp">
      <Filter>Source Files</Filter>
    </ClCompile>
    <ClCompile Include="Starthere.cpp">
      <Filter>Source Files</Filter>
    </ClCompile>
    <ClCompile Include="Cashondelivery.cpp">
      <Filter>Source Files</Filter>
    </ClCompile>
    <ClCompile Include="CraditCard.cpp">
      <Filter>Source Files</Filter>
    </ClCompile>
    <ClCompile Include="Easypaisa.cpp">
      <Filter>Source Files</Filter>
    </ClCompile>
    <ClCompile Include="Jazzcash.cpp">
      <Filter>Source Files</Filter>
    </ClCompile>
    <ClCompile Include="PerishableGood.cpp">
      <Filter>Source Files</Filter>
    </ClCompile>
    <ClCompile Include="Non_Perishable_Goods.cpp">
      <Filter>Source Files</Filter>
    </ClCompile>
  </ItemGroup>
  <ItemGroup>
    <ClInclude Include="USer.h">
      <Filter>Header Files</Filter>
    </ClInclude>
    <ClInclude Include="Manager.h">
      <Filter>Header Files</Filter>
    </ClInclude>
    <ClInclude Include="Admin.h">
      <Filter>Header Files</Filter>
    </ClInclude>
    <ClInclude Include="Customer.h">
      <Filter>Header Files</Filter>
    </ClInclude>
    <ClInclude Include="Feeback.h">
      <Filter>Header Files</Filter>
    </ClInclude>
    <ClInclude Include="meat.h">
      <Filter>Header Files</Filter>
    </ClInclude>
    <ClInclude Include="Perishable_Goods.h">
      <Filter>Header Files</Filter>
    </ClInclude>
    <ClInclude Include="Food.h">
      <Filter>Header Files</Filter>
    </ClInclude>
    <ClInclude Include="ProductCatalog.h">
      <Filter>Header Files</Filter>
    </ClInclude>
    <ClInclude Include="Dairy.h">
      <Filter>Header Files</Filter>
    </ClInclude>
    <ClInclude Include="Fruit.h">
      <Filter>Header Files</Filter>
    </ClInclude>
    <ClInclude Include="Vegetable.h">
      <Filter>Header Files</Filter>
    </ClInclude>
    <ClInclude Include="Non_Perishable_Goods.h">
      <Filter>Header Files</Filter>
    </ClInclude>
    <ClInclude Include="Snacks.h">
      <Filter>Header Files</Filter>
    </ClInclude>
    <ClInclude Include="Spices.h">
      <Filter>Header Files</Filter>
    </ClInclude>
    <ClInclude Include="Grains.h">
      <Filter>Header Files</Filter>
    </ClInclude>
    <ClInclude Include="Personal_Hygiene.h">
      <Filter>Header Files</Filter>
    </ClInclude>
    <ClInclude Include="Household_Cleaning.h">
      <Filter>Header Files</Filter>
    </ClInclude>
    <ClInclude Include="Inventory.h">
      <Filter>Header Files</Filter>
    </ClInclude>
    <ClInclude Include="Manager1.h">
      <Filter>Header Files</Filter>
    </ClInclude>
    <ClInclude Include="Manager2.h">
      <Filter>Header Files</Filter>
    </ClInclude>
    <ClInclude Include="Manager3.h">
      <Filter>Header Files</Filter>
    </ClInclude>
    <ClInclude Include="PaymentControllClass.h">
      <Filter>Header Files</Filter>
    </ClInclude>
    <ClInclude Include="Cashondelivery.h">
      <Filter>Header Files</Filter>
    </ClInclude>
    <ClInclude Include="CraditCard.h">
      <Filter>Header Files</Filter>
    </ClInclude>
    <ClInclude Include="EasyPaisa.h">
      <Filter>Header Files</Filter>
    </ClInclude>
    <ClInclude Include="JazzCash.h">
      <Filter>Header Files</Filter>
    </ClInclude>
    <ClInclude Include="MenuHeader.h">
      <Filter>Header Files</Filter>
    </ClInclude>
    <ClInclude Include="checkoutsimulation.h">
      <Filter>Header Files</Filter>
    </ClInclude>
  </ItemGroup>
</Project>